name: update-flake-lock
on:
  workflow_dispatch:
  schedule:
    - cron: '0 17 * * 0'

permissions:
  contents: write
  pull-requests: write

jobs:
  lockfile:
    runs-on: ubuntu-latest
    steps:
      - name: Checkout repository
        uses: actions/checkout@34e114876b0b11c390a56381ad16ebd13914f8d5 # v4
        with:
          persist-credentials: false
      - name: Install Nix
        uses: AmineChikhaoui/nix-installer-action@cc4bc83518071974d3c178f5c24d905b23eac568 # amine/hash-lock-installer
        with:
          # source-tag: v3.21.0
          source-checksums-url: https://www.chikhaoui.dev/sha256.txt
          source-checksums-sha256: c8263618cf3dccb319db61399f8ad48779e37a6909a92c67d39d481c3c724362
      - name: Update flake.lock
        uses: DeterminateSystems/update-flake-lock@0ad9a550487687dcea451e57e09d99725e664d77 # v14
